version = 1
revision = 3
requires-python = ">=3.14"

[[package]]
name = "asgiref"
version = "3.5.2"
source = { registry = "https://pypi.org/simple" }
sdist = { url = "https://files.pythonhosted.org/packages/1f/35/e7d59b92ceffb1dc62c65156278de378670b46ab2364a3ea7216fe194ba3/asgiref-3.5.2.tar.gz", hash = "sha256:4a29362a6acebe09bf1d6640db38c1dc3d9217c68e6f9f6204d72667fc19a424", size = 32352, upload-time = "2022-05-16T20:39:30.51Z" }
wheels = [
    { url = "https://files.pythonhosted.org/packages/af/6d/ea3a5c3027c3f14b0321cd4f7e594c776ebe64e4b927432ca6917512a4f7/asgiref-3.5.2-py3-none-any.whl", hash = "sha256:1d2880b792ae8757289136f1db2b7b99100ce959b2aa57fd69dab783d05afac4", size = 22881, upload-time = "2022-05-16T20:39:27.79Z" },
]

[[package]]
name = "backend"
version = "0.1.0"
source = { virtual = "." }
dependencies = [
    { name = "asgiref" },
    { name = "django" },
    { name = "django-cors-headers" },
    { name = "djangorestframework" },
    { name = "pytz" },
    { name = "sqlparse" },
    { name = "tzdata" },
]

[package.metadata]
requires-dist = [
    { name = "asgiref", specifier = "==3.5.2" },
    { name = "django", specifier = "==4.1" },
    { name = "django-cors-headers", specifier = "==3.13.0" },
    { name = "djangorestframework", specifier = "==3.13.1" },
    { name = "pytz", specifier = "==2022.2.1" },
    { name = "sqlparse", specifier = "==0.4.2" },
    { name = "tzdata", specifier = "==2022.2" },
]

[[package]]
name = "django"
version = "4.1"
source = { registry = "https://pypi.org/simple" }
dependencies = [
    { name = "asgiref" },
    { name = "sqlparse" },
    { name = "tzdata", marker = "sys_platform == 'win32'" },
]
sdist = { url = "https://files.pythonhosted.org/packages/13/66/757b8f4f4df4b1c1becad346c3a6401ae9fddcc78aa3741d231be657cf94/Django-4.1.tar.gz", hash = "sha256:032f8a6fc7cf05ccd1214e4a2e21dfcd6a23b9d575c6573cacc8c67828dbe642", size = 10484595, upload-time = "2022-08-03T08:40:25.07Z" }
wheels = [
    { url = "https://files.pythonhosted.org/packages/9b/41/e1e7d6ecc3bc76681dfdc6b373566822bc2aab96fa3eceaaed70accc28b6/Django-4.1-py3-none-any.whl", hash = "sha256:031ccb717782f6af83a0063a1957686e87cb4581ea61b47b3e9addf60687989a", size = 8095228, upload-time = "2022-08-03T08:40:20.936Z" },
]

[[package]]
name = "django-cors-headers"
version = "3.13.0"
source = { registry = "https://pypi.org/simple" }
dependencies = [
    { name = "django" },
]
sdist = { url = "https://files.pythonhosted.org/packages/98/2b/47fee7c14776039436c74463ce19ef0b839fbc95fdf8fa870ab25f193d9d/django-cors-headers-3.13.0.tar.gz", hash = "sha256:f9dc6b4e3f611c3199700b3e5f3398c28757dcd559c2f82932687f3d0443cfdf", size = 20995, upload-time = "2022-06-05T15:24:54.607Z" }
wheels = [
    { url = "https://files.pythonhosted.org/packages/db/e2/912cdc408f7ddc07967e94c3d785389c36fbfdcb48755393fbf65a02aabf/django_cors_headers-3.13.0-py3-none-any.whl", hash = "sha256:37e42883b5f1f2295df6b4bba96eb2417a14a03270cb24b2a07f021cd4487cf4", size = 13115, upload-time = "2022-06-05T15:24:53.149Z" },
]

[[package]]
name = "djangorestframework"
version = "3.13.1"
source = { registry = "https://pypi.org/simple" }
dependencies = [
    { name = "django" },
    { name = "pytz" },
]
sdist = { url = "https://files.pythonhosted.org/packages/7e/40/efa7f7b2448194b1065572f34d3e6cadb478c67af62f6893957376d8a9be/djangorestframework-3.13.1.tar.gz", hash = "sha256:0c33407ce23acc68eca2a6e46424b008c9c02eceb8cf18581921d0092bc1f2ee", size = 954950, upload-time = "2021-12-15T15:18:44.593Z" }
wheels = [
    { url = "https://files.pythonhosted.org/packages/c8/45/2588c7c5a01a7da6822c6ffbc9a731d498c318a803a29ae780ec635ea41d/djangorestframework-3.13.1-py3-none-any.whl", hash = "sha256:24c4bf58ed7e85d1fe4ba250ab2da926d263cd57d64b03e8dcef0ac683f8b1aa", size = 958323, upload-time = "2021-12-15T15:18:42.237Z" },
]

[[package]]
name = "pytz"
version = "2022.2.1"
source = { registry = "https://pypi.org/simple" }
sdist = { url = "https://files.pythonhosted.org/packages/24/0c/401283bb1499768e33ddd2e1a35817c775405c1f047a9dc088a29ce2ea5d/pytz-2022.2.1.tar.gz", hash = "sha256:cea221417204f2d1a2aa03ddae3e867921971d0d76f14d87abb4414415bbdcf5", size = 316105, upload-time = "2022-08-13T02:07:59.396Z" }
wheels = [
    { url = "https://files.pythonhosted.org/packages/d5/50/54451e88e3da4616286029a3a17fc377de817f66a0f50e1faaee90161724/pytz-2022.2.1-py2.py3-none-any.whl", hash = "sha256:220f481bdafa09c3955dfbdddb7b57780e9a94f5127e35456a48589b9e0c0197", size = 500564, upload-time = "2022-08-13T02:07:57.135Z" },
]

[[package]]
name = "sqlparse"
version = "0.4.2"
source = { registry = "https://pypi.org/simple" }
sdist = { url = "https://files.pythonhosted.org/packages/32/fe/8a8575debfd924c8160295686a7ea661107fc34d831429cce212b6442edb/sqlparse-0.4.2.tar.gz", hash = "sha256:0c00730c74263a94e5a9919ade150dfc3b19c574389985446148402998287dae", size = 67771, upload-time = "2021-09-10T06:51:58.92Z" }
wheels = [
    { url = "https://files.pythonhosted.org/packages/05/40/d836d55fb3f467243ee839ab7b814822fda522cd395fa41e282684e71ee5/sqlparse-0.4.2-py3-none-any.whl", hash = "sha256:48719e356bb8b42991bdbb1e8b83223757b93789c00910a616a071910ca4a64d", size = 42309, upload-time = "2021-09-10T06:51:56.892Z" },
]

[[package]]
name = "tzdata"
version = "2022.2"
source = { registry = "https://pypi.org/simple" }
sdist = { url = "https://files.pythonhosted.org/packages/3e/eb/a00286433c739bb1a0d83a069b2dc379a5d14b0b9c927e3cb00cb434d740/tzdata-2022.2.tar.gz", hash = "sha256:21f4f0d7241572efa7f7a4fdabb052e61b55dc48274e6842697ccdf5253e5451", size = 182864, upload-time = "2022-08-12T19:00:15.694Z" }
wheels = [
    { url = "https://files.pythonhosted.org/packages/71/9b/8b9fea4f4dc956de76baa291cec1c864a8edadf2950d1740bc386d7fe55a/tzdata-2022.2-py2.py3-none-any.whl", hash = "sha256:c3119520447d68ef3eb8187a55a4f44fa455f30eb1b4238fa5691ba094f2b05b", size = 336415, upload-time = "2022-08-12T19:00:14.437Z" },
]
